
Microsoft Visual Studio Solution File, Format Version 12.00
# Visual Studio Version 16
VisualStudioVersion = 16.0.30907.101
MinimumVisualStudioVersion = 10.0.40219.1
Project("{2150E333-8FDC-42A3-9474-1A3956D46DE8}") = "Services", "Services", "{52C3D4D3-7982-49A6-AD4B-440E22C6C180}"
EndProject
Project("{2150E333-8FDC-42A3-9474-1A3956D46DE8}") = "Data", "Data", "{F6AC7445-2A0A-4415-B5AC-6386F1B13F1B}"
EndProject
Project("{9A19103F-16F7-4668-BE54-9A1E7A4F7556}") = "ApiManager", "ApiManager\ApiManager.csproj", "{09FAA770-2008-49B0-B598-7B4393793208}"
EndProject
Project("{9A19103F-16F7-4668-BE54-9A1E7A4F7556}") = "Entities", "Entities\Entities.csproj", "{A7BEEB13-8022-47D4-A5FC-1DB304E6625E}"
EndProject
Project("{9A19103F-16F7-4668-BE54-9A1E7A4F7556}") = "EmployeeDetailsUI", "EmployeeDetailsUI\EmployeeDetailsUI.csproj", "{42CB9CC7-B724-49AF-AC26-0A617CF9F8F7}"
EndProject
Global
	GlobalSection(SolutionConfigurationPlatforms) = preSolution
		Debug|Any CPU = Debug|Any CPU
		Release|Any CPU = Release|Any CPU
	EndGlobalSection
	GlobalSection(ProjectConfigurationPlatforms) = postSolution
		{09FAA770-2008-49B0-B598-7B4393793208}.Debug|Any CPU.ActiveCfg = Debug|Any CPU
		{09FAA770-2008-49B0-B598-7B4393793208}.Debug|Any CPU.Build.0 = Debug|Any CPU
		{09FAA770-2008-49B0-B598-7B4393793208}.Release|Any CPU.ActiveCfg = Release|Any CPU
		{09FAA770-2008-49B0-B598-7B4393793208}.Release|Any CPU.Build.0 = Release|Any CPU
		{A7BEEB13-8022-47D4-A5FC-1DB304E6625E}.Debug|Any CPU.ActiveCfg = Debug|Any CPU
		{A7BEEB13-8022-47D4-A5FC-1DB304E6625E}.Debug|Any CPU.Build.0 = Debug|Any CPU
		{A7BEEB13-8022-47D4-A5FC-1DB304E6625E}.Release|Any CPU.ActiveCfg = Release|Any CPU
		{A7BEEB13-8022-47D4-A5FC-1DB304E6625E}.Release|Any CPU.Build.0 = Release|Any CPU
		{42CB9CC7-B724-49AF-AC26-0A617CF9F8F7}.Debug|Any CPU.ActiveCfg = Debug|Any CPU
		{42CB9CC7-B724-49AF-AC26-0A617CF9F8F7}.Debug|Any CPU.Build.0 = Debug|Any CPU
		{42CB9CC7-B724-49AF-AC26-0A617CF9F8F7}.Release|Any CPU.ActiveCfg = Release|Any CPU
		{42CB9CC7-B724-49AF-AC26-0A617CF9F8F7}.Release|Any CPU.Build.0 = Release|Any CPU
	EndGlobalSection
	GlobalSection(SolutionProperties) = preSolution
		HideSolutionNode = FALSE
	EndGlobalSection
	GlobalSection(NestedProjects) = preSolution
		{09FAA770-2008-49B0-B598-7B4393793208} = {52C3D4D3-7982-49A6-AD4B-440E22C6C180}
		{A7BEEB13-8022-47D4-A5FC-1DB304E6625E} = {F6AC7445-2A0A-4415-B5AC-6386F1B13F1B}
	EndGlobalSection
	GlobalSection(ExtensibilityGlobals) = postSolution
		SolutionGuid = {1AADC59E-91A0-42BB-8354-682592EA27C2}
	EndGlobalSection
EndGlobal
